
Microsoft Visual Studio Solution File, Format Version 12.00
Project("{FAE04EC0-301F-11D3-BF4B-00C04F79EFBC}") = "email-test", "email-test\email-test.csproj", "{92F72DFF-AE28-4377-8723-DF950E8F62C4}"
EndProject
Global
	GlobalSection(SolutionConfigurationPlatforms) = preSolution
		Debug|Any CPU = Debug|Any CPU
		Release|Any CPU = Release|Any CPU
	EndGlobalSection
	GlobalSection(ProjectConfigurationPlatforms) = postSolution
		{92F72DFF-AE28-4377-8723-DF950E8F62C4}.Debug|Any CPU.ActiveCfg = Debug|Any CPU
		{92F72DFF-AE28-4377-8723-DF950E8F62C4}.Debug|Any CPU.Build.0 = Debug|Any CPU
		{92F72DFF-AE28-4377-8723-DF950E8F62C4}.Release|Any CPU.ActiveCfg = Release|Any CPU
		{92F72DFF-AE28-4377-8723-DF950E8F62C4}.Release|Any CPU.Build.0 = Release|Any CPU
	EndGlobalSection
EndGlobal
